
Microsoft Visual Studio Solution File, Format Version 12.00
# Visual Studio 14
VisualStudioVersion = 14.0.25420.1
MinimumVisualStudioVersion = 10.0.40219.1
Project("{FAE04EC0-301F-11D3-BF4B-00C04F79EFBC}") = "SwaggerNet", "src\SwaggerNet.csproj", "{BBF418DF-75DF-4D68-96FE-2F0737FA03A7}"
EndProject
Project("{FAE04EC0-301F-11D3-BF4B-00C04F79EFBC}") = "SwaggerNet.Samples", "samples\SwaggerNet.Samples\SwaggerNet.Samples.csproj", "{F17CD729-CC73-4256-8220-A920B0888582}"
EndProject
Global
	GlobalSection(SolutionConfigurationPlatforms) = preSolution
		Debug|Any CPU = Debug|Any CPU
		Release|Any CPU = Release|Any CPU
	EndGlobalSection
	GlobalSection(ProjectConfigurationPlatforms) = postSolution
		{BBF418DF-75DF-4D68-96FE-2F0737FA03A7}.Debug|Any CPU.ActiveCfg = Debug|Any CPU
		{BBF418DF-75DF-4D68-96FE-2F0737FA03A7}.Debug|Any CPU.Build.0 = Debug|Any CPU
		{BBF418DF-75DF-4D68-96FE-2F0737FA03A7}.Release|Any CPU.ActiveCfg = Release|Any CPU
		{BBF418DF-75DF-4D68-96FE-2F0737FA03A7}.Release|Any CPU.Build.0 = Release|Any CPU
		{F17CD729-CC73-4256-8220-A920B0888582}.Debug|Any CPU.ActiveCfg = Debug|Any CPU
		{F17CD729-CC73-4256-8220-A920B0888582}.Debug|Any CPU.Build.0 = Debug|Any CPU
		{F17CD729-CC73-4256-8220-A920B0888582}.Release|Any CPU.ActiveCfg = Release|Any CPU
		{F17CD729-CC73-4256-8220-A920B0888582}.Release|Any CPU.Build.0 = Release|Any CPU
	EndGlobalSection
	GlobalSection(SolutionProperties) = preSolution
		HideSolutionNode = FALSE
	EndGlobalSection
EndGlobal
